
Microsoft Visual Studio Solution File, Format Version 12.00
# Visual Studio Version 17
VisualStudioVersion = 17.4.33213.308
MinimumVisualStudioVersion = 10.0.40219.1
Project("{9A19103F-16F7-4668-BE54-9A1E7A4F7556}") = "Yuya.Net.Configuration.MSNetFrameworkConfiguration", "Yuya.Net.Configuration.MSNetFrameworkConfiguration\Yuya.Net.Configuration.MSNetFrameworkConfiguration.csproj", "{346749F8-DEB7-4243-82EE-356D1FD3BF27}"
EndProject
Project("{FAE04EC0-301F-11D3-BF4B-00C04F79EFBC}") = "DemoProject", "DemoProject\DemoProject.csproj", "{27844C01-DE58-40C6-A8EB-F6A267A02567}"
EndProject
Global
	GlobalSection(SolutionConfigurationPlatforms) = preSolution
		Debug|Any CPU = Debug|Any CPU
		Release|Any CPU = Release|Any CPU
	EndGlobalSection
	GlobalSection(ProjectConfigurationPlatforms) = postSolution
		{346749F8-DEB7-4243-82EE-356D1FD3BF27}.Debug|Any CPU.ActiveCfg = Debug|Any CPU
		{346749F8-DEB7-4243-82EE-356D1FD3BF27}.Debug|Any CPU.Build.0 = Debug|Any CPU
		{346749F8-DEB7-4243-82EE-356D1FD3BF27}.Release|Any CPU.ActiveCfg = Release|Any CPU
		{346749F8-DEB7-4243-82EE-356D1FD3BF27}.Release|Any CPU.Build.0 = Release|Any CPU
		{27844C01-DE58-40C6-A8EB-F6A267A02567}.Debug|Any CPU.ActiveCfg = Debug|Any CPU
		{27844C01-DE58-40C6-A8EB-F6A267A02567}.Debug|Any CPU.Build.0 = Debug|Any CPU
		{27844C01-DE58-40C6-A8EB-F6A267A02567}.Release|Any CPU.ActiveCfg = Release|Any CPU
		{27844C01-DE58-40C6-A8EB-F6A267A02567}.Release|Any CPU.Build.0 = Release|Any CPU
	EndGlobalSection
	GlobalSection(SolutionProperties) = preSolution
		HideSolutionNode = FALSE
	EndGlobalSection
	GlobalSection(ExtensibilityGlobals) = postSolution
		SolutionGuid = {B9316738-2D4C-4202-98F9-113F8FEA8E6D}
	EndGlobalSection
EndGlobal
